
Microsoft Visual Studio Solution File, Format Version 12.00
# Visual Studio Version 16
VisualStudioVersion = 16.0.29728.190
MinimumVisualStudioVersion = 10.0.40219.1
Project("{8BC9CEB8-8B4A-11D0-8D11-00A0C91BC942}") = "PassGen", "PassGen\PassGen.vcxproj", "{F220A91F-DD6B-4EB2-956B-474EBD345B1B}"
EndProject
Global
	GlobalSection(SolutionConfigurationPlatforms) = preSolution
		Debug|x64 = Debug|x64
		Debug|x86 = Debug|x86
		Release|x64 = Release|x64
		Release|x86 = Release|x86
	EndGlobalSection
	GlobalSection(ProjectConfigurationPlatforms) = postSolution
		{F220A91F-DD6B-4EB2-956B-474EBD345B1B}.Debug|x64.ActiveCfg = Debug|x64
		{F220A91F-DD6B-4EB2-956B-474EBD345B1B}.Debug|x64.Build.0 = Debug|x64
		{F220A91F-DD6B-4EB2-956B-474EBD345B1B}.Debug|x86.ActiveCfg = Debug|Win32
		{F220A91F-DD6B-4EB2-956B-474EBD345B1B}.Debug|x86.Build.0 = Debug|Win32
		{F220A91F-DD6B-4EB2-956B-474EBD345B1B}.Release|x64.ActiveCfg = Release|x64
		{F220A91F-DD6B-4EB2-956B-474EBD345B1B}.Release|x64.Build.0 = Release|x64
		{F220A91F-DD6B-4EB2-956B-474EBD345B1B}.Release|x86.ActiveCfg = Release|Win32
		{F220A91F-DD6B-4EB2-956B-474EBD345B1B}.Release|x86.Build.0 = Release|Win32
	EndGlobalSection
	GlobalSection(SolutionProperties) = preSolution
		HideSolutionNode = FALSE
	EndGlobalSection
	GlobalSection(ExtensibilityGlobals) = postSolution
		SolutionGuid = {4E3DF613-BCF5-4EB1-9A61-0136F95FD00F}
	EndGlobalSection
EndGlobal
